
Microsoft Visual Studio Solution File, Format Version 12.00
# Visual Studio 2012
Project("{FAE04EC0-301F-11D3-BF4B-00C04F79EFBC}") = "LaCalculadora", "Form_Calculadora\LaCalculadora.csproj", "{C5545E81-B5B5-48E9-A149-0F32F15C3BC7}"
EndProject
Project("{FAE04EC0-301F-11D3-BF4B-00C04F79EFBC}") = "Clases", "Clases\Clases.csproj", "{6883E1DB-267D-42C9-BE89-80342F9A1D98}"
EndProject
Global
	GlobalSection(SolutionConfigurationPlatforms) = preSolution
		Debug|Any CPU = Debug|Any CPU
		Release|Any CPU = Release|Any CPU
	EndGlobalSection
	GlobalSection(ProjectConfigurationPlatforms) = postSolution
		{C5545E81-B5B5-48E9-A149-0F32F15C3BC7}.Debug|Any CPU.ActiveCfg = Debug|Any CPU
		{C5545E81-B5B5-48E9-A149-0F32F15C3BC7}.Debug|Any CPU.Build.0 = Debug|Any CPU
		{C5545E81-B5B5-48E9-A149-0F32F15C3BC7}.Release|Any CPU.ActiveCfg = Release|Any CPU
		{C5545E81-B5B5-48E9-A149-0F32F15C3BC7}.Release|Any CPU.Build.0 = Release|Any CPU
		{6883E1DB-267D-42C9-BE89-80342F9A1D98}.Debug|Any CPU.ActiveCfg = Debug|Any CPU
		{6883E1DB-267D-42C9-BE89-80342F9A1D98}.Debug|Any CPU.Build.0 = Debug|Any CPU
		{6883E1DB-267D-42C9-BE89-80342F9A1D98}.Release|Any CPU.ActiveCfg = Release|Any CPU
		{6883E1DB-267D-42C9-BE89-80342F9A1D98}.Release|Any CPU.Build.0 = Release|Any CPU
	EndGlobalSection
	GlobalSection(SolutionProperties) = preSolution
		HideSolutionNode = FALSE
	EndGlobalSection
EndGlobal
