
Microsoft Visual Studio Solution File, Format Version 12.00
# Visual Studio 15
VisualStudioVersion = 15.0.27428.2015
MinimumVisualStudioVersion = 10.0.40219.1
Project("{FAE04EC0-301F-11D3-BF4B-00C04F79EFBC}") = "Entidades", "Entidades\Entidades.csproj", "{8CF8EFF2-C6B2-44B2-B247-11A4F2ED3CCB}"
EndProject
Project("{FAE04EC0-301F-11D3-BF4B-00C04F79EFBC}") = "TP2", "TP2\TP2.csproj", "{5809B6C8-11AA-4CDA-8B49-F81392B1C454}"
EndProject
Global
	GlobalSection(SolutionConfigurationPlatforms) = preSolution
		Debug|Any CPU = Debug|Any CPU
		Release|Any CPU = Release|Any CPU
	EndGlobalSection
	GlobalSection(ProjectConfigurationPlatforms) = postSolution
		{8CF8EFF2-C6B2-44B2-B247-11A4F2ED3CCB}.Debug|Any CPU.ActiveCfg = Debug|Any CPU
		{8CF8EFF2-C6B2-44B2-B247-11A4F2ED3CCB}.Debug|Any CPU.Build.0 = Debug|Any CPU
		{8CF8EFF2-C6B2-44B2-B247-11A4F2ED3CCB}.Release|Any CPU.ActiveCfg = Release|Any CPU
		{8CF8EFF2-C6B2-44B2-B247-11A4F2ED3CCB}.Release|Any CPU.Build.0 = Release|Any CPU
		{5809B6C8-11AA-4CDA-8B49-F81392B1C454}.Debug|Any CPU.ActiveCfg = Debug|Any CPU
		{5809B6C8-11AA-4CDA-8B49-F81392B1C454}.Debug|Any CPU.Build.0 = Debug|Any CPU
		{5809B6C8-11AA-4CDA-8B49-F81392B1C454}.Release|Any CPU.ActiveCfg = Release|Any CPU
		{5809B6C8-11AA-4CDA-8B49-F81392B1C454}.Release|Any CPU.Build.0 = Release|Any CPU
	EndGlobalSection
	GlobalSection(SolutionProperties) = preSolution
		HideSolutionNode = FALSE
	EndGlobalSection
	GlobalSection(ExtensibilityGlobals) = postSolution
		SolutionGuid = {9847205E-F4BF-4E18-B53B-4B39125D1E97}
	EndGlobalSection
EndGlobal
