
Microsoft Visual Studio Solution File, Format Version 12.00
# Visual Studio 2012
Project("{FAE04EC0-301F-11D3-BF4B-00C04F79EFBC}") = "MainCorreo", "TP4\MainCorreo.csproj", "{3B8C23EB-617B-4A5A-87E8-FC057E16940D}"
EndProject
Project("{FAE04EC0-301F-11D3-BF4B-00C04F79EFBC}") = "Entidades", "Entidades\Entidades.csproj", "{3EE9EF79-62A4-4104-9793-E65C98F94C7D}"
EndProject
Global
	GlobalSection(SolutionConfigurationPlatforms) = preSolution
		Debug|Any CPU = Debug|Any CPU
		Release|Any CPU = Release|Any CPU
	EndGlobalSection
	GlobalSection(ProjectConfigurationPlatforms) = postSolution
		{3B8C23EB-617B-4A5A-87E8-FC057E16940D}.Debug|Any CPU.ActiveCfg = Debug|Any CPU
		{3B8C23EB-617B-4A5A-87E8-FC057E16940D}.Debug|Any CPU.Build.0 = Debug|Any CPU
		{3B8C23EB-617B-4A5A-87E8-FC057E16940D}.Release|Any CPU.ActiveCfg = Release|Any CPU
		{3B8C23EB-617B-4A5A-87E8-FC057E16940D}.Release|Any CPU.Build.0 = Release|Any CPU
		{3EE9EF79-62A4-4104-9793-E65C98F94C7D}.Debug|Any CPU.ActiveCfg = Debug|Any CPU
		{3EE9EF79-62A4-4104-9793-E65C98F94C7D}.Debug|Any CPU.Build.0 = Debug|Any CPU
		{3EE9EF79-62A4-4104-9793-E65C98F94C7D}.Release|Any CPU.ActiveCfg = Release|Any CPU
		{3EE9EF79-62A4-4104-9793-E65C98F94C7D}.Release|Any CPU.Build.0 = Release|Any CPU
	EndGlobalSection
	GlobalSection(SolutionProperties) = preSolution
		HideSolutionNode = FALSE
	EndGlobalSection
EndGlobal
